
Microsoft Visual Studio Solution File, Format Version 12.00
# Visual Studio Version 17
VisualStudioVersion = 17.7.34221.43
MinimumVisualStudioVersion = 10.0.40219.1
Project("{9A19103F-16F7-4668-BE54-9A1E7A4F7556}") = "Robot_varre_raynond_interface", "Robot_varre_raynond_interface.csproj", "{6BE324BD-84F3-40F9-A1F3-7AC508F4C91F}"
EndProject
Project("{9A19103F-16F7-4668-BE54-9A1E7A4F7556}") = "ExtendedSerialPort", "..\ExtendedSerialPort\ExtendedSerialPort.csproj", "{DC64BB33-9E21-4852-829A-43AAEE248804}"
EndProject
Global
	GlobalSection(SolutionConfigurationPlatforms) = preSolution
		Debug|Any CPU = Debug|Any CPU
		Debug|x64 = Debug|x64
		Release|Any CPU = Release|Any CPU
		Release|x64 = Release|x64
	EndGlobalSection
	GlobalSection(ProjectConfigurationPlatforms) = postSolution
		{6BE324BD-84F3-40F9-A1F3-7AC508F4C91F}.Debug|Any CPU.ActiveCfg = Debug|Any CPU
		{6BE324BD-84F3-40F9-A1F3-7AC508F4C91F}.Debug|Any CPU.Build.0 = Debug|Any CPU
		{6BE324BD-84F3-40F9-A1F3-7AC508F4C91F}.Debug|x64.ActiveCfg = Debug|Any CPU
		{6BE324BD-84F3-40F9-A1F3-7AC508F4C91F}.Debug|x64.Build.0 = Debug|Any CPU
		{6BE324BD-84F3-40F9-A1F3-7AC508F4C91F}.Release|Any CPU.ActiveCfg = Release|Any CPU
		{6BE324BD-84F3-40F9-A1F3-7AC508F4C91F}.Release|Any CPU.Build.0 = Release|Any CPU
		{6BE324BD-84F3-40F9-A1F3-7AC508F4C91F}.Release|x64.ActiveCfg = Release|Any CPU
		{6BE324BD-84F3-40F9-A1F3-7AC508F4C91F}.Release|x64.Build.0 = Release|Any CPU
		{DC64BB33-9E21-4852-829A-43AAEE248804}.Debug|Any CPU.ActiveCfg = Debug|Any CPU
		{DC64BB33-9E21-4852-829A-43AAEE248804}.Debug|Any CPU.Build.0 = Debug|Any CPU
		{DC64BB33-9E21-4852-829A-43AAEE248804}.Debug|x64.ActiveCfg = Debug|Any CPU
		{DC64BB33-9E21-4852-829A-43AAEE248804}.Debug|x64.Build.0 = Debug|Any CPU
		{DC64BB33-9E21-4852-829A-43AAEE248804}.Release|Any CPU.ActiveCfg = Release|Any CPU
		{DC64BB33-9E21-4852-829A-43AAEE248804}.Release|Any CPU.Build.0 = Release|Any CPU
		{DC64BB33-9E21-4852-829A-43AAEE248804}.Release|x64.ActiveCfg = Release|Any CPU
		{DC64BB33-9E21-4852-829A-43AAEE248804}.Release|x64.Build.0 = Release|Any CPU
	EndGlobalSection
	GlobalSection(SolutionProperties) = preSolution
		HideSolutionNode = FALSE
	EndGlobalSection
	GlobalSection(ExtensibilityGlobals) = postSolution
		SolutionGuid = {EA0898B2-66E4-4962-BB02-EDFF8DE2E3B4}
	EndGlobalSection
EndGlobal
